
Microsoft Visual Studio Solution File, Format Version 12.00
# Visual Studio Version 17
VisualStudioVersion = 17.7.34031.279
MinimumVisualStudioVersion = 10.0.40219.1
Project("{FAE04EC0-301F-11D3-BF4B-00C04F79EFBC}") = "MvcMongoCrud", "MvcMongoCrud\MvcMongoCrud.csproj", "{600DC1C8-D7B5-44D7-AF36-46108F1C46BB}"
EndProject
Global
	GlobalSection(SolutionConfigurationPlatforms) = preSolution
		Debug|Any CPU = Debug|Any CPU
		Release|Any CPU = Release|Any CPU
	EndGlobalSection
	GlobalSection(ProjectConfigurationPlatforms) = postSolution
		{600DC1C8-D7B5-44D7-AF36-46108F1C46BB}.Debug|Any CPU.ActiveCfg = Debug|Any CPU
		{600DC1C8-D7B5-44D7-AF36-46108F1C46BB}.Debug|Any CPU.Build.0 = Debug|Any CPU
		{600DC1C8-D7B5-44D7-AF36-46108F1C46BB}.Release|Any CPU.ActiveCfg = Release|Any CPU
		{600DC1C8-D7B5-44D7-AF36-46108F1C46BB}.Release|Any CPU.Build.0 = Release|Any CPU
	EndGlobalSection
	GlobalSection(SolutionProperties) = preSolution
		HideSolutionNode = FALSE
	EndGlobalSection
	GlobalSection(ExtensibilityGlobals) = postSolution
		SolutionGuid = {28196ABF-582A-44C3-A103-6C3EC455ABFD}
	EndGlobalSection
EndGlobal
